
Microsoft Visual Studio Solution File, Format Version 12.00
# Visual Studio 2013
VisualStudioVersion = 12.0.31101.0
MinimumVisualStudioVersion = 10.0.40219.1
Project("{8BC9CEB8-8B4A-11D0-8D11-00A0C91BC942}") = "Regenbrecht_GA", "Regenbrecht_GA\Regenbrecht_GA.vcxproj", "{FE6F6A3B-37B4-4319-A606-672C1E81023A}"
EndProject
Global
	GlobalSection(SolutionConfigurationPlatforms) = preSolution
		Debug|x64 = Debug|x64
		Debug|x86 = Debug|x86
		Release|x64 = Release|x64
		Release|x86 = Release|x86
	EndGlobalSection
	GlobalSection(ProjectConfigurationPlatforms) = postSolution
		{FE6F6A3B-37B4-4319-A606-672C1E81023A}.Debug|x64.ActiveCfg = Release|x64
		{FE6F6A3B-37B4-4319-A606-672C1E81023A}.Debug|x64.Build.0 = Release|x64
		{FE6F6A3B-37B4-4319-A606-672C1E81023A}.Debug|x86.ActiveCfg = Debug|Win32
		{FE6F6A3B-37B4-4319-A606-672C1E81023A}.Debug|x86.Build.0 = Debug|Win32
		{FE6F6A3B-37B4-4319-A606-672C1E81023A}.Release|x64.ActiveCfg = Release|x64
		{FE6F6A3B-37B4-4319-A606-672C1E81023A}.Release|x64.Build.0 = Release|x64
		{FE6F6A3B-37B4-4319-A606-672C1E81023A}.Release|x86.ActiveCfg = Release|Win32
		{FE6F6A3B-37B4-4319-A606-672C1E81023A}.Release|x86.Build.0 = Release|Win32
	EndGlobalSection
	GlobalSection(SolutionProperties) = preSolution
		HideSolutionNode = FALSE
	EndGlobalSection
EndGlobal
